// !$*UTF8*$!
{
	archiveVersion = 1;
	classes = {
	};
	objectVersion = 50;
	objects = {

/* Begin PBXBuildFile section */
		28BAA1E922E75551006A07B7 /* AppDelegate.swift in Sources */ = {isa = PBXBuildFile; fileRef = 28BAA1E822E75551006A07B7 /* AppDelegate.swift */; };
		28BAA1EE22E75551006A07B7 /* Main.storyboard in Resources */ = {isa = PBXBuildFile; fileRef = 28BAA1EC22E75551006A07B7 /* Main.storyboard */; };
		28BAA1F122E75551006A07B7 /* SampleApp.xcdatamodeld in Sources */ = {isa = PBXBuildFile; fileRef = 28BAA1EF22E75551006A07B7 /* SampleApp.xcdatamodeld */; };
		28BAA1F322E75553006A07B7 /* Assets.xcassets in Resources */ = {isa = PBXBuildFile; fileRef = 28BAA1F222E75553006A07B7 /* Assets.xcassets */; };
		28BAA1F622E75553006A07B7 /* LaunchScreen.storyboard in Resources */ = {isa = PBXBuildFile; fileRef = 28BAA1F422E75553006A07B7 /* LaunchScreen.storyboard */; };
		28BAA20122E75554006A07B7 /* SampleAppUITests.swift in Sources */ = {isa = PBXBuildFile; fileRef = 28BAA20022E75554006A07B7 /* SampleAppUITests.swift */; };
		28BAA22222E767DA006A07B7 /* CategoryListViewController.swift in Sources */ = {isa = PBXBuildFile; fileRef = 28BAA22122E767DA006A07B7 /* CategoryListViewController.swift */; };
		28BAA22622E767F6006A07B7 /* ProductTableViewCell.swift in Sources */ = {isa = PBXBuildFile; fileRef = 28BAA22422E767F5006A07B7 /* ProductTableViewCell.swift */; };
		28BAA22822E76805006A07B7 /* ProductDetailViewController.swift in Sources */ = {isa = PBXBuildFile; fileRef = 28BAA22722E76805006A07B7 /* ProductDetailViewController.swift */; };
		28BAA22B22E76818006A07B7 /* Categories.swift in Sources */ = {isa = PBXBuildFile; fileRef = 28BAA22922E76818006A07B7 /* Categories.swift */; };
		28BAA22C22E76818006A07B7 /* Products.swift in Sources */ = {isa = PBXBuildFile; fileRef = 28BAA22A22E76818006A07B7 /* Products.swift */; };
		28BAA22E22E7682B006A07B7 /* categories.json in Resources */ = {isa = PBXBuildFile; fileRef = 28BAA22D22E7682B006A07B7 /* categories.json */; };
		28BAA23022E7724E006A07B7 /* CategoryTableViewCell.swift in Sources */ = {isa = PBXBuildFile; fileRef = 28BAA22F22E7724E006A07B7 /* CategoryTableViewCell.swift */; };
/* End PBXBuildFile section */

/* Begin PBXContainerItemProxy section */
		28BAA1FD22E75554006A07B7 /* PBXContainerItemProxy */ = {
			isa = PBXContainerItemProxy;
			containerPortal = 28BAA1DD22E75551006A07B7 /* Project object */;
			proxyType = 1;
			remoteGlobalIDString = 28BAA1E422E75551006A07B7;
			remoteInfo = SampleApp;
		};
/* End PBXContainerItemProxy section */

/* Begin PBXFileReference section */
		28BAA1E522E75551006A07B7 /* AnimatedTableView.app */ = {isa = PBXFileReference; explicitFileType = wrapper.application; includeInIndex = 0; path = AnimatedTableView.app; sourceTree = BUILT_PRODUCTS_DIR; };
		28BAA1E822E75551006A07B7 /* AppDelegate.swift */ = {isa = PBXFileReference; lastKnownFileType = sourcecode.swift; path = AppDelegate.swift; sourceTree = "<group>"; };
		28BAA1ED22E75551006A07B7 /* Base */ = {isa = PBXFileReference; lastKnownFileType = file.storyboard; name = Base; path = Base.lproj/Main.storyboard; sourceTree = "<group>"; };
		28BAA1F022E75551006A07B7 /* SampleApp.xcdatamodel */ = {isa = PBXFileReference; lastKnownFileType = wrapper.xcdatamodel; path = SampleApp.xcdatamodel; sourceTree = "<group>"; };
		28BAA1F222E75553006A07B7 /* Assets.xcassets */ = {isa = PBXFileReference; lastKnownFileType = folder.assetcatalog; path = Assets.xcassets; sourceTree = "<group>"; };
		28BAA1F522E75553006A07B7 /* Base */ = {isa = PBXFileReference; lastKnownFileType = file.storyboard; name = Base; path = Base.lproj/LaunchScreen.storyboard; sourceTree = "<group>"; };
		28BAA1F722E75553006A07B7 /* Info.plist */ = {isa = PBXFileReference; lastKnownFileType = text.plist.xml; path = Info.plist; sourceTree = "<group>"; };
		28BAA1FC22E75554006A07B7 /* AnimatedTableViewUITests.xctest */ = {isa = PBXFileReference; explicitFileType = wrapper.cfbundle; includeInIndex = 0; path = AnimatedTableViewUITests.xctest; sourceTree = BUILT_PRODUCTS_DIR; };
		28BAA20022E75554006A07B7 /* SampleAppUITests.swift */ = {isa = PBXFileReference; lastKnownFileType = sourcecode.swift; path = SampleAppUITests.swift; sourceTree = "<group>"; };
		28BAA20222E75554006A07B7 /* Info.plist */ = {isa = PBXFileReference; lastKnownFileType = text.plist.xml; path = Info.plist; sourceTree = "<group>"; };
		28BAA22122E767DA006A07B7 /* CategoryListViewController.swift */ = {isa = PBXFileReference; fileEncoding = 4; lastKnownFileType = sourcecode.swift; path = CategoryListViewController.swift; sourceTree = "<group>"; };
		28BAA22422E767F5006A07B7 /* ProductTableViewCell.swift */ = {isa = PBXFileReference; fileEncoding = 4; lastKnownFileType = sourcecode.swift; path = ProductTableViewCell.swift; sourceTree = "<group>"; };
		28BAA22722E76805006A07B7 /* ProductDetailViewController.swift */ = {isa = PBXFileReference; fileEncoding = 4; lastKnownFileType = sourcecode.swift; path = ProductDetailViewController.swift; sourceTree = "<group>"; };
		28BAA22922E76818006A07B7 /* Categories.swift */ = {isa = PBXFileReference; fileEncoding = 4; lastKnownFileType = sourcecode.swift; path = Categories.swift; sourceTree = "<group>"; };
		28BAA22A22E76818006A07B7 /* Products.swift */ = {isa = PBXFileReference; fileEncoding = 4; lastKnownFileType = sourcecode.swift; path = Products.swift; sourceTree = "<group>"; };
		28BAA22D22E7682B006A07B7 /* categories.json */ = {isa = PBXFileReference; fileEncoding = 4; lastKnownFileType = text.json; path = categories.json; sourceTree = "<group>"; };
		28BAA22F22E7724E006A07B7 /* CategoryTableViewCell.swift */ = {isa = PBXFileReference; fileEncoding = 4; lastKnownFileType = sourcecode.swift; path = CategoryTableViewCell.swift; sourceTree = "<group>"; };
/* End PBXFileReference section */

/* Begin PBXFrameworksBuildPhase section */
		28BAA1E222E75551006A07B7 /* Frameworks */ = {
			isa = PBXFrameworksBuildPhase;
			buildActionMask = 2147483647;
			files = (
			);
			runOnlyForDeploymentPostprocessing = 0;
		};
		28BAA1F922E75554006A07B7 /* Frameworks */ = {
			isa = PBXFrameworksBuildPhase;
			buildActionMask = 2147483647;
			files = (
			);
			runOnlyForDeploymentPostprocessing = 0;
		};
/* End PBXFrameworksBuildPhase section */

/* Begin PBXGroup section */
		28BAA1DC22E75551006A07B7 = {
			isa = PBXGroup;
			children = (
				28BAA1E722E75551006A07B7 /* SampleApp */,
				28BAA1FF22E75554006A07B7 /* SampleAppUITests */,
				28BAA1E622E75551006A07B7 /* Products */,
			);
			sourceTree = "<group>";
		};
		28BAA1E622E75551006A07B7 /* Products */ = {
			isa = PBXGroup;
			children = (
				28BAA1E522E75551006A07B7 /* AnimatedTableView.app */,
				28BAA1FC22E75554006A07B7 /* AnimatedTableViewUITests.xctest */,
			);
			name = Products;
			sourceTree = "<group>";
		};
		28BAA1E722E75551006A07B7 /* SampleApp */ = {
			isa = PBXGroup;
			children = (
				28BAA1E822E75551006A07B7 /* AppDelegate.swift */,
				28BAA1EC22E75551006A07B7 /* Main.storyboard */,
				28BAA1F222E75553006A07B7 /* Assets.xcassets */,
				28BAA1F422E75553006A07B7 /* LaunchScreen.storyboard */,
				28BAA23122E77539006A07B7 /* FurnituresTableView */,
				28BAA1F722E75553006A07B7 /* Info.plist */,
				28BAA1EF22E75551006A07B7 /* SampleApp.xcdatamodeld */,
			);
			path = SampleApp;
			sourceTree = "<group>";
		};
		28BAA1FF22E75554006A07B7 /* SampleAppUITests */ = {
			isa = PBXGroup;
			children = (
				28BAA20022E75554006A07B7 /* SampleAppUITests.swift */,
				28BAA20222E75554006A07B7 /* Info.plist */,
			);
			path = SampleAppUITests;
			sourceTree = "<group>";
		};
		28BAA23122E77539006A07B7 /* FurnituresTableView */ = {
			isa = PBXGroup;
			children = (
				28BAA23322E77575006A07B7 /* Cell */,
				28BAA22122E767DA006A07B7 /* CategoryListViewController.swift */,
				28BAA23622E775B1006A07B7 /* Data */,
				28BAA23522E775A1006A07B7 /* Model */,
				28BAA23222E7755F006A07B7 /* Details */,
			);
			path = FurnituresTableView;
			sourceTree = "<group>";
		};
		28BAA23222E7755F006A07B7 /* Details */ = {
			isa = PBXGroup;
			children = (
				28BAA23422E7758D006A07B7 /* Cell */,
				28BAA22722E76805006A07B7 /* ProductDetailViewController.swift */,
				28BAA23722E775C5006A07B7 /* Model */,
			);
			path = Details;
			sourceTree = "<group>";
		};
		28BAA23322E77575006A07B7 /* Cell */ = {
			isa = PBXGroup;
			children = (
				28BAA22F22E7724E006A07B7 /* CategoryTableViewCell.swift */,
			);
			path = Cell;
			sourceTree = "<group>";
		};
		28BAA23422E7758D006A07B7 /* Cell */ = {
			isa = PBXGroup;
			children = (
				28BAA22422E767F5006A07B7 /* ProductTableViewCell.swift */,
			);
			path = Cell;
			sourceTree = "<group>";
		};
		28BAA23522E775A1006A07B7 /* Model */ = {
			isa = PBXGroup;
			children = (
				28BAA22922E76818006A07B7 /* Categories.swift */,
			);
			path = Model;
			sourceTree = "<group>";
		};
		28BAA23622E775B1006A07B7 /* Data */ = {
			isa = PBXGroup;
			children = (
				28BAA22D22E7682B006A07B7 /* categories.json */,
			);
			path = Data;
			sourceTree = "<group>";
		};
		28BAA23722E775C5006A07B7 /* Model */ = {
			isa = PBXGroup;
			children = (
				28BAA22A22E76818006A07B7 /* Products.swift */,
			);
			path = Model;
			sourceTree = "<group>";
		};
/* End PBXGroup section */

/* Begin PBXNativeTarget section */
		28BAA1E422E75551006A07B7 /* AnimatedTableView */ = {
			isa = PBXNativeTarget;
			buildConfigurationList = 28BAA20522E75554006A07B7 /* Build configuration list for PBXNativeTarget "AnimatedTableView" */;
			buildPhases = (
				28BAA1E122E75551006A07B7 /* Sources */,
				28BAA1E222E75551006A07B7 /* Frameworks */,
				28BAA1E322E75551006A07B7 /* Resources */,
			);
			buildRules = (
			);
			dependencies = (
			);
			name = AnimatedTableView;
			productName = SampleApp;
			productReference = 28BAA1E522E75551006A07B7 /* AnimatedTableView.app */;
			productType = "com.apple.product-type.application";
		};
		28BAA1FB22E75554006A07B7 /* AnimatedTableViewUITests */ = {
			isa = PBXNativeTarget;
			buildConfigurationList = 28BAA20822E75554006A07B7 /* Build configuration list for PBXNativeTarget "AnimatedTableViewUITests" */;
			buildPhases = (
				28BAA1F822E75554006A07B7 /* Sources */,
				28BAA1F922E75554006A07B7 /* Frameworks */,
				28BAA1FA22E75554006A07B7 /* Resources */,
			);
			buildRules = (
			);
			dependencies = (
				28BAA1FE22E75554006A07B7 /* PBXTargetDependency */,
			);
			name = AnimatedTableViewUITests;
			productName = SampleAppUITests;
			productReference = 28BAA1FC22E75554006A07B7 /* AnimatedTableViewUITests.xctest */;
			productType = "com.apple.product-type.bundle.ui-testing";
		};
/* End PBXNativeTarget section */

/* Begin PBXProject section */
		28BAA1DD22E75551006A07B7 /* Project object */ = {
			isa = PBXProject;
			attributes = {
				LastSwiftUpdateCheck = 1020;
				LastUpgradeCheck = 1020;
				ORGANIZATIONNAME = CIMBTHAI;
				TargetAttributes = {
					28BAA1E422E75551006A07B7 = {
						CreatedOnToolsVersion = 10.2.1;
					};
					28BAA1FB22E75554006A07B7 = {
						CreatedOnToolsVersion = 10.2.1;
						TestTargetID = 28BAA1E422E75551006A07B7;
					};
				};
			};
			buildConfigurationList = 28BAA1E022E75551006A07B7 /* Build configuration list for PBXProject "AnimatedTableView" */;
			compatibilityVersion = "Xcode 9.3";
			developmentRegion = en;
			hasScannedForEncodings = 0;
			knownRegions = (
				en,
				Base,
			);
			mainGroup = 28BAA1DC22E75551006A07B7;
			productRefGroup = 28BAA1E622E75551006A07B7 /* Products */;
			projectDirPath = "";
			projectRoot = "";
			targets = (
				28BAA1E422E75551006A07B7 /* AnimatedTableView */,
				28BAA1FB22E75554006A07B7 /* AnimatedTableViewUITests */,
			);
		};
/* End PBXProject section */

/* Begin PBXResourcesBuildPhase section */
		28BAA1E322E75551006A07B7 /* Resources */ = {
			isa = PBXResourcesBuildPhase;
			buildActionMask = 2147483647;
			files = (
				28BAA1F622E75553006A07B7 /* LaunchScreen.storyboard in Resources */,
				28BAA22E22E7682B006A07B7 /* categories.json in Resources */,
				28BAA1F322E75553006A07B7 /* Assets.xcassets in Resources */,
				28BAA1EE22E75551006A07B7 /* Main.storyboard in Resources */,
			);
			runOnlyForDeploymentPostprocessing = 0;
		};
		28BAA1FA22E75554006A07B7 /* Resources */ = {
			isa = PBXResourcesBuildPhase;
			buildActionMask = 2147483647;
			files = (
			);
			runOnlyForDeploymentPostprocessing = 0;
		};
/* End PBXResourcesBuildPhase section */

/* Begin PBXSourcesBuildPhase section */
		28BAA1E122E75551006A07B7 /* Sources */ = {
			isa = PBXSourcesBuildPhase;
			buildActionMask = 2147483647;
			files = (
				28BAA22C22E76818006A07B7 /* Products.swift in Sources */,
				28BAA1F122E75551006A07B7 /* SampleApp.xcdatamodeld in Sources */,
				28BAA22B22E76818006A07B7 /* Categories.swift in Sources */,
				28BAA1E922E75551006A07B7 /* AppDelegate.swift in Sources */,
				28BAA22822E76805006A07B7 /* ProductDetailViewController.swift in Sources */,
				28BAA23022E7724E006A07B7 /* CategoryTableViewCell.swift in Sources */,
				28BAA22622E767F6006A07B7 /* ProductTableViewCell.swift in Sources */,
				28BAA22222E767DA006A07B7 /* CategoryListViewController.swift in Sources */,
			);
			runOnlyForDeploymentPostprocessing = 0;
		};
		28BAA1F822E75554006A07B7 /* Sources */ = {
			isa = PBXSourcesBuildPhase;
			buildActionMask = 2147483647;
			files = (
				28BAA20122E75554006A07B7 /* SampleAppUITests.swift in Sources */,
			);
			runOnlyForDeploymentPostprocessing = 0;
		};
/* End PBXSourcesBuildPhase section */

/* Begin PBXTargetDependency section */
		28BAA1FE22E75554006A07B7 /* PBXTargetDependency */ = {
			isa = PBXTargetDependency;
			target = 28BAA1E422E75551006A07B7 /* AnimatedTableView */;
			targetProxy = 28BAA1FD22E75554006A07B7 /* PBXContainerItemProxy */;
		};
/* End PBXTargetDependency section */

/* Begin PBXVariantGroup section */
		28BAA1EC22E75551006A07B7 /* Main.storyboard */ = {
			isa = PBXVariantGroup;
			children = (
				28BAA1ED22E75551006A07B7 /* Base */,
			);
			name = Main.storyboard;
			sourceTree = "<group>";
		};
		28BAA1F422E75553006A07B7 /* LaunchScreen.storyboard */ = {
			isa = PBXVariantGroup;
			children = (
				28BAA1F522E75553006A07B7 /* Base */,
			);
			name = LaunchScreen.storyboard;
			sourceTree = "<group>";
		};
/* End PBXVariantGroup section */

/* Begin XCBuildConfiguration section */
		28BAA20322E75554006A07B7 /* Debug */ = {
			isa = XCBuildConfiguration;
			buildSettings = {
				ALWAYS_SEARCH_USER_PATHS = NO;
				CLANG_ANALYZER_NONNULL = YES;
				CLANG_ANALYZER_NUMBER_OBJECT_CONVERSION = YES_AGGRESSIVE;
				CLANG_CXX_LANGUAGE_STANDARD = "gnu++14";
				CLANG_CXX_LIBRARY = "libc++";
				CLANG_ENABLE_MODULES = YES;
				CLANG_ENABLE_OBJC_ARC = YES;
				CLANG_ENABLE_OBJC_WEAK = YES;
				CLANG_WARN_BLOCK_CAPTURE_AUTORELEASING = YES;
				CLANG_WARN_BOOL_CONVERSION = YES;
				CLANG_WARN_COMMA = YES;
				CLANG_WARN_CONSTANT_CONVERSION = YES;
				CLANG_WARN_DEPRECATED_OBJC_IMPLEMENTATIONS = YES;
				CLANG_WARN_DIRECT_OBJC_ISA_USAGE = YES_ERROR;
				CLANG_WARN_DOCUMENTATION_COMMENTS = YES;
				CLANG_WARN_EMPTY_BODY = YES;
				CLANG_WARN_ENUM_CONVERSION = YES;
				CLANG_WARN_INFINITE_RECURSION = YES;
				CLANG_WARN_INT_CONVERSION = YES;
				CLANG_WARN_NON_LITERAL_NULL_CONVERSION = YES;
				CLANG_WARN_OBJC_IMPLICIT_RETAIN_SELF = YES;
				CLANG_WARN_OBJC_LITERAL_CONVERSION = YES;
				CLANG_WARN_OBJC_ROOT_CLASS = YES_ERROR;
				CLANG_WARN_RANGE_LOOP_ANALYSIS = YES;
				CLANG_WARN_STRICT_PROTOTYPES = YES;
				CLANG_WARN_SUSPICIOUS_MOVE = YES;
				CLANG_WARN_UNGUARDED_AVAILABILITY = YES_AGGRESSIVE;
				CLANG_WARN_UNREACHABLE_CODE = YES;
				CLANG_WARN__DUPLICATE_METHOD_MATCH = YES;
				CODE_SIGN_IDENTITY = "iPhone Developer";
				COPY_PHASE_STRIP = NO;
				DEBUG_INFORMATION_FORMAT = dwarf;
				ENABLE_STRICT_OBJC_MSGSEND = YES;
				ENABLE_TESTABILITY = YES;
				GCC_C_LANGUAGE_STANDARD = gnu11;
				GCC_DYNAMIC_NO_PIC = NO;
				GCC_NO_COMMON_BLOCKS = YES;
				GCC_OPTIMIZATION_LEVEL = 0;
				GCC_PREPROCESSOR_DEFINITIONS = (
					"DEBUG=1",
					"$(inherited)",
				);
				GCC_WARN_64_TO_32_BIT_CONVERSION = YES;
				GCC_WARN_ABOUT_RETURN_TYPE = YES_ERROR;
				GCC_WARN_UNDECLARED_SELECTOR = YES;
				GCC_WARN_UNINITIALIZED_AUTOS = YES_AGGRESSIVE;
				GCC_WARN_UNUSED_FUNCTION = YES;
				GCC_WARN_UNUSED_VARIABLE = YES;
				IPHONEOS_DEPLOYMENT_TARGET = 12.2;
				MTL_ENABLE_DEBUG_INFO = INCLUDE_SOURCE;
				MTL_FAST_MATH = YES;
				ONLY_ACTIVE_ARCH = YES;
				SDKROOT = iphoneos;
				SWIFT_ACTIVE_COMPILATION_CONDITIONS = DEBUG;
				SWIFT_OPTIMIZATION_LEVEL = "-Onone";
			};
			name = Debug;
		};
		28BAA20422E75554006A07B7 /* Release */ = {
			isa = XCBuildConfiguration;
			buildSettings = {
				ALWAYS_SEARCH_USER_PATHS = NO;
				CLANG_ANALYZER_NONNULL = YES;
				CLANG_ANALYZER_NUMBER_OBJECT_CONVERSION = YES_AGGRESSIVE;
				CLANG_CXX_LANGUAGE_STANDARD = "gnu++14";
				CLANG_CXX_LIBRARY = "libc++";
				CLANG_ENABLE_MODULES = YES;
				CLANG_ENABLE_OBJC_ARC = YES;
				CLANG_ENABLE_OBJC_WEAK = YES;
				CLANG_WARN_BLOCK_CAPTURE_AUTORELEASING = YES;
				CLANG_WARN_BOOL_CONVERSION = YES;
				CLANG_WARN_COMMA = YES;
				CLANG_WARN_CONSTANT_CONVERSION = YES;
				CLANG_WARN_DEPRECATED_OBJC_IMPLEMENTATIONS = YES;
				CLANG_WARN_DIRECT_OBJC_ISA_USAGE = YES_ERROR;
				CLANG_WARN_DOCUMENTATION_COMMENTS = YES;
				CLANG_WARN_EMPTY_BODY = YES;
				CLANG_WARN_ENUM_CONVERSION = YES;
				CLANG_WARN_INFINITE_RECURSION = YES;
				CLANG_WARN_INT_CONVERSION = YES;
				CLANG_WARN_NON_LITERAL_NULL_CONVERSION = YES;
				CLANG_WARN_OBJC_IMPLICIT_RETAIN_SELF = YES;
				CLANG_WARN_OBJC_LITERAL_CONVERSION = YES;
				CLANG_WARN_OBJC_ROOT_CLASS = YES_ERROR;
				CLANG_WARN_RANGE_LOOP_ANALYSIS = YES;
				CLANG_WARN_STRICT_PROTOTYPES = YES;
				CLANG_WARN_SUSPICIOUS_MOVE = YES;
				CLANG_WARN_UNGUARDED_AVAILABILITY = YES_AGGRESSIVE;
				CLANG_WARN_UNREACHABLE_CODE = YES;
				CLANG_WARN__DUPLICATE_METHOD_MATCH = YES;
				CODE_SIGN_IDENTITY = "iPhone Developer";
				COPY_PHASE_STRIP = NO;
				DEBUG_INFORMATION_FORMAT = "dwarf-with-dsym";
				ENABLE_NS_ASSERTIONS = NO;
				ENABLE_STRICT_OBJC_MSGSEND = YES;
				GCC_C_LANGUAGE_STANDARD = gnu11;
				GCC_NO_COMMON_BLOCKS = YES;
				GCC_WARN_64_TO_32_BIT_CONVERSION = YES;
				GCC_WARN_ABOUT_RETURN_TYPE = YES_ERROR;
				GCC_WARN_UNDECLARED_SELECTOR = YES;
				GCC_WARN_UNINITIALIZED_AUTOS = YES_AGGRESSIVE;
				GCC_WARN_UNUSED_FUNCTION = YES;
				GCC_WARN_UNUSED_VARIABLE = YES;
				IPHONEOS_DEPLOYMENT_TARGET = 12.2;
				MTL_ENABLE_DEBUG_INFO = NO;
				MTL_FAST_MATH = YES;
				SDKROOT = iphoneos;
				SWIFT_COMPILATION_MODE = wholemodule;
				SWIFT_OPTIMIZATION_LEVEL = "-O";
				VALIDATE_PRODUCT = YES;
			};
			name = Release;
		};
		28BAA20622E75554006A07B7 /* Debug */ = {
			isa = XCBuildConfiguration;
			buildSettings = {
				ASSETCATALOG_COMPILER_APPICON_NAME = AppIcon;
				CODE_SIGN_STYLE = Automatic;
				INFOPLIST_FILE = SampleApp/Info.plist;
				LD_RUNPATH_SEARCH_PATHS = (
					"$(inherited)",
					"@executable_path/Frameworks",
				);
				PRODUCT_BUNDLE_IDENTIFIER = "com.raj-ioswork.SampleApp";
				PRODUCT_NAME = "$(TARGET_NAME)";
				SWIFT_VERSION = 5.0;
				TARGETED_DEVICE_FAMILY = "1,2";
			};
			name = Debug;
		};
		28BAA20722E75554006A07B7 /* Release */ = {
			isa = XCBuildConfiguration;
			buildSettings = {
				ASSETCATALOG_COMPILER_APPICON_NAME = AppIcon;
				CODE_SIGN_STYLE = Automatic;
				INFOPLIST_FILE = SampleApp/Info.plist;
				LD_RUNPATH_SEARCH_PATHS = (
					"$(inherited)",
					"@executable_path/Frameworks",
				);
				PRODUCT_BUNDLE_IDENTIFIER = "com.raj-ioswork.SampleApp";
				PRODUCT_NAME = "$(TARGET_NAME)";
				SWIFT_VERSION = 5.0;
				TARGETED_DEVICE_FAMILY = "1,2";
			};
			name = Release;
		};
		28BAA20922E75554006A07B7 /* Debug */ = {
			isa = XCBuildConfiguration;
			buildSettings = {
				ALWAYS_EMBED_SWIFT_STANDARD_LIBRARIES = YES;
				CODE_SIGN_STYLE = Automatic;
				INFOPLIST_FILE = SampleAppUITests/Info.plist;
				LD_RUNPATH_SEARCH_PATHS = (
					"$(inherited)",
					"@executable_path/Frameworks",
					"@loader_path/Frameworks",
				);
				PRODUCT_BUNDLE_IDENTIFIER = "com.raj-ioswork.SampleAppUITests";
				PRODUCT_NAME = "$(TARGET_NAME)";
				SWIFT_VERSION = 5.0;
				TARGETED_DEVICE_FAMILY = "1,2";
				TEST_TARGET_NAME = SampleApp;
			};
			name = Debug;
		};
		28BAA20A22E75554006A07B7 /* Release */ = {
			isa = XCBuildConfiguration;
			buildSettings = {
				ALWAYS_EMBED_SWIFT_STANDARD_LIBRARIES = YES;
				CODE_SIGN_STYLE = Automatic;
				INFOPLIST_FILE = SampleAppUITests/Info.plist;
				LD_RUNPATH_SEARCH_PATHS = (
					"$(inherited)",
					"@executable_path/Frameworks",
					"@loader_path/Frameworks",
				);
				PRODUCT_BUNDLE_IDENTIFIER = "com.raj-ioswork.SampleAppUITests";
				PRODUCT_NAME = "$(TARGET_NAME)";
				SWIFT_VERSION = 5.0;
				TARGETED_DEVICE_FAMILY = "1,2";
				TEST_TARGET_NAME = SampleApp;
			};
			name = Release;
		};
/* End XCBuildConfiguration section */

/* Begin XCConfigurationList section */
		28BAA1E022E75551006A07B7 /* Build configuration list for PBXProject "AnimatedTableView" */ = {
			isa = XCConfigurationList;
			buildConfigurations = (
				28BAA20322E75554006A07B7 /* Debug */,
				28BAA20422E75554006A07B7 /* Release */,
			);
			defaultConfigurationIsVisible = 0;
			defaultConfigurationName = Release;
		};
		28BAA20522E75554006A07B7 /* Build configuration list for PBXNativeTarget "AnimatedTableView" */ = {
			isa = XCConfigurationList;
			buildConfigurations = (
				28BAA20622E75554006A07B7 /* Debug */,
				28BAA20722E75554006A07B7 /* Release */,
			);
			defaultConfigurationIsVisible = 0;
			defaultConfigurationName = Release;
		};
		28BAA20822E75554006A07B7 /* Build configuration list for PBXNativeTarget "AnimatedTableViewUITests" */ = {
			isa = XCConfigurationList;
			buildConfigurations = (
				28BAA20922E75554006A07B7 /* Debug */,
				28BAA20A22E75554006A07B7 /* Release */,
			);
			defaultConfigurationIsVisible = 0;
			defaultConfigurationName = Release;
		};
/* End XCConfigurationList section */

/* Begin XCVersionGroup section */
		28BAA1EF22E75551006A07B7 /* SampleApp.xcdatamodeld */ = {
			isa = XCVersionGroup;
			children = (
				28BAA1F022E75551006A07B7 /* SampleApp.xcdatamodel */,
			);
			currentVersion = 28BAA1F022E75551006A07B7 /* SampleApp.xcdatamodel */;
			path = SampleApp.xcdatamodeld;
			sourceTree = "<group>";
			versionGroupType = wrapper.xcdatamodel;
		};
/* End XCVersionGroup section */
	};
	rootObject = 28BAA1DD22E75551006A07B7 /* Project object */;
}
